// !$*UTF8*$!
{
	archiveVersion = 1;
	classes = {
	};
	objectVersion = 50;
	objects = {

/* Begin PBXBuildFile section */
		F49FD0FF25AF97AA00CB8DE2 /* AppDelegate.swift in Sources */ = {isa = PBXBuildFile; fileRef = F49FD0FE25AF97AA00CB8DE2 /* AppDelegate.swift */; };
		F49FD10125AF97AA00CB8DE2 /* SceneDelegate.swift in Sources */ = {isa = PBXBuildFile; fileRef = F49FD10025AF97AA00CB8DE2 /* SceneDelegate.swift */; };
		F49FD10325AF97AA00CB8DE2 /* ViewController.swift in Sources */ = {isa = PBXBuildFile; fileRef = F49FD10225AF97AA00CB8DE2 /* ViewController.swift */; };
		F49FD10625AF97AA00CB8DE2 /* Main.storyboard in Resources */ = {isa = PBXBuildFile; fileRef = F49FD10425AF97AA00CB8DE2 /* Main.storyboard */; };
		F49FD10825AF97BE00CB8DE2 /* Assets.xcassets in Resources */ = {isa = PBXBuildFile; fileRef = F49FD10725AF97BE00CB8DE2 /* Assets.xcassets */; };
		F49FD10B25AF97BE00CB8DE2 /* LaunchScreen.storyboard in Resources */ = {isa = PBXBuildFile; fileRef = F49FD10925AF97BE00CB8DE2 /* LaunchScreen.storyboard */; };
/* End PBXBuildFile section */

/* Begin PBXFileReference section */
		F49FD0FB25AF97AA00CB8DE2 /* Crokitta.app */ = {isa = PBXFileReference; explicitFileType = wrapper.application; includeInIndex = 0; path = Crokitta.app; sourceTree = BUILT_PRODUCTS_DIR; };
		F49FD0FE25AF97AA00CB8DE2 /* AppDelegate.swift */ = {isa = PBXFileReference; lastKnownFileType = sourcecode.swift; path = AppDelegate.swift; sourceTree = "<group>"; };
		F49FD10025AF97AA00CB8DE2 /* SceneDelegate.swift */ = {isa = PBXFileReference; lastKnownFileType = sourcecode.swift; path = SceneDelegate.swift; sourceTree = "<group>"; };
		F49FD10225AF97AA00CB8DE2 /* ViewController.swift */ = {isa = PBXFileReference; lastKnownFileType = sourcecode.swift; path = ViewController.swift; sourceTree = "<group>"; };
		F49FD10525AF97AA00CB8DE2 /* Base */ = {isa = PBXFileReference; lastKnownFileType = file.storyboard; name = Base; path = Base.lproj/Main.storyboard; sourceTree = "<group>"; };
		F49FD10725AF97BE00CB8DE2 /* Assets.xcassets */ = {isa = PBXFileReference; lastKnownFileType = folder.assetcatalog; path = Assets.xcassets; sourceTree = "<group>"; };
		F49FD10A25AF97BE00CB8DE2 /* Base */ = {isa = PBXFileReference; lastKnownFileType = file.storyboard; name = Base; path = Base.lproj/LaunchScreen.storyboard; sourceTree = "<group>"; };
		F49FD10C25AF97BE00CB8DE2 /* Info.plist */ = {isa = PBXFileReference; lastKnownFileType = text.plist.xml; path = Info.plist; sourceTree = "<group>"; };
/* End PBXFileReference section */

/* Begin PBXFrameworksBuildPhase section */
		F49FD0F825AF97AA00CB8DE2 /* Frameworks */ = {
			isa = PBXFrameworksBuildPhase;
			buildActionMask = 2147483647;
			files = (
			);
			runOnlyForDeploymentPostprocessing = 0;
		};
/* End PBXFrameworksBuildPhase section */

/* Begin PBXGroup section */
		F49FD0F225AF97AA00CB8DE2 = {
			isa = PBXGroup;
			children = (
				F49FD0FD25AF97AA00CB8DE2 /* Crokitta */,
				F49FD0FC25AF97AA00CB8DE2 /* Products */,
			);
			sourceTree = "<group>";
		};
		F49FD0FC25AF97AA00CB8DE2 /* Products */ = {
			isa = PBXGroup;
			children = (
				F49FD0FB25AF97AA00CB8DE2 /* Crokitta.app */,
			);
			name = Products;
			sourceTree = "<group>";
		};
		F49FD0FD25AF97AA00CB8DE2 /* Crokitta */ = {
			isa = PBXGroup;
			children = (
				F49FD0FE25AF97AA00CB8DE2 /* AppDelegate.swift */,
				F49FD10025AF97AA00CB8DE2 /* SceneDelegate.swift */,
				F49FD10225AF97AA00CB8DE2 /* ViewController.swift */,
				F49FD10425AF97AA00CB8DE2 /* Main.storyboard */,
				F49FD10725AF97BE00CB8DE2 /* Assets.xcassets */,
				F49FD10925AF97BE00CB8DE2 /* LaunchScreen.storyboard */,
				F49FD10C25AF97BE00CB8DE2 /* Info.plist */,
			);
			path = Crokitta;
			sourceTree = "<group>";
		};
/* End PBXGroup section */

/* Begin PBXNativeTarget section */
		F49FD0FA25AF97AA00CB8DE2 /* Crokitta */ = {
			isa = PBXNativeTarget;
			buildConfigurationList = F49FD10F25AF97BE00CB8DE2 /* Build configuration list for PBXNativeTarget "Crokitta" */;
			buildPhases = (
				F49FD0F725AF97AA00CB8DE2 /* Sources */,
				F49FD0F825AF97AA00CB8DE2 /* Frameworks */,
				F49FD0F925AF97AA00CB8DE2 /* Resources */,
			);
			buildRules = (
			);
			dependencies = (
			);
			name = Crokitta;
			productName = Crokitta;
			productReference = F49FD0FB25AF97AA00CB8DE2 /* Crokitta.app */;
			productType = "com.apple.product-type.application";
		};
/* End PBXNativeTarget section */

/* Begin PBXProject section */
		F49FD0F325AF97AA00CB8DE2 /* Project object */ = {
			isa = PBXProject;
			attributes = {
				LastSwiftUpdateCheck = 1100;
				LastUpgradeCheck = 1100;
				ORGANIZATIONNAME = deepo;
				TargetAttributes = {
					F49FD0FA25AF97AA00CB8DE2 = {
						CreatedOnToolsVersion = 11.0;
					};
				};
			};
			buildConfigurationList = F49FD0F625AF97AA00CB8DE2 /* Build configuration list for PBXProject "Crokitta" */;
			compatibilityVersion = "Xcode 9.3";
			developmentRegion = en;
			hasScannedForEncodings = 0;
			knownRegions = (
				en,
				Base,
			);
			mainGroup = F49FD0F225AF97AA00CB8DE2;
			productRefGroup = F49FD0FC25AF97AA00CB8DE2 /* Products */;
			projectDirPath = "";
			projectRoot = "";
			targets = (
				F49FD0FA25AF97AA00CB8DE2 /* Crokitta */,
			);
		};
/* End PBXProject section */

/* Begin PBXResourcesBuildPhase section */
		F49FD0F925AF97AA00CB8DE2 /* Resources */ = {
			isa = PBXResourcesBuildPhase;
			buildActionMask = 2147483647;
			files = (
				F49FD10B25AF97BE00CB8DE2 /* LaunchScreen.storyboard in Resources */,
				F49FD10825AF97BE00CB8DE2 /* Assets.xcassets in Resources */,
				F49FD10625AF97AA00CB8DE2 /* Main.storyboard in Resources */,
			);
			runOnlyForDeploymentPostprocessing = 0;
		};
/* End PBXResourcesBuildPhase section */

/* Begin PBXSourcesBuildPhase section */
		F49FD0F725AF97AA00CB8DE2 /* Sources */ = {
			isa = PBXSourcesBuildPhase;
			buildActionMask = 2147483647;
			files = (
				F49FD10325AF97AA00CB8DE2 /* ViewController.swift in Sources */,
				F49FD0FF25AF97AA00CB8DE2 /* AppDelegate.swift in Sources */,
				F49FD10125AF97AA00CB8DE2 /* SceneDelegate.swift in Sources */,
			);
			runOnlyForDeploymentPostprocessing = 0;
		};
/* End PBXSourcesBuildPhase section */

/* Begin PBXVariantGroup section */
		F49FD10425AF97AA00CB8DE2 /* Main.storyboard */ = {
			isa = PBXVariantGroup;
			children = (
				F49FD10525AF97AA00CB8DE2 /* Base */,
			);
			name = Main.storyboard;
			sourceTree = "<group>";
		};
		F49FD10925AF97BE00CB8DE2 /* LaunchScreen.storyboard */ = {
			isa = PBXVariantGroup;
			children = (
				F49FD10A25AF97BE00CB8DE2 /* Base */,
			);
			name = LaunchScreen.storyboard;
			sourceTree = "<group>";
		};
/* End PBXVariantGroup section */

/* Begin XCBuildConfiguration section */
		F49FD10D25AF97BE00CB8DE2 /* Debug */ = {
			isa = XCBuildConfiguration;
			buildSettings = {
				ALWAYS_SEARCH_USER_PATHS = NO;
				CLANG_ANALYZER_NONNULL = YES;
				CLANG_ANALYZER_NUMBER_OBJECT_CONVERSION = YES_AGGRESSIVE;
				CLANG_CXX_LANGUAGE_STANDARD = "gnu++14";
				CLANG_CXX_LIBRARY = "libc++";
				CLANG_ENABLE_MODULES = YES;
				CLANG_ENABLE_OBJC_ARC = YES;
				CLANG_ENABLE_OBJC_WEAK = YES;
				CLANG_WARN_BLOCK_CAPTURE_AUTORELEASING = YES;
				CLANG_WARN_BOOL_CONVERSION = YES;
				CLANG_WARN_COMMA = YES;
				CLANG_WARN_CONSTANT_CONVERSION = YES;
				CLANG_WARN_DEPRECATED_OBJC_IMPLEMENTATIONS = YES;
				CLANG_WARN_DIRECT_OBJC_ISA_USAGE = YES_ERROR;
				CLANG_WARN_DOCUMENTATION_COMMENTS = YES;
				CLANG_WARN_EMPTY_BODY = YES;
				CLANG_WARN_ENUM_CONVERSION = YES;
				CLANG_WARN_INFINITE_RECURSION = YES;
				CLANG_WARN_INT_CONVERSION = YES;
				CLANG_WARN_NON_LITERAL_NULL_CONVERSION = YES;
				CLANG_WARN_OBJC_IMPLICIT_RETAIN_SELF = YES;
				CLANG_WARN_OBJC_LITERAL_CONVERSION = YES;
				CLANG_WARN_OBJC_ROOT_CLASS = YES_ERROR;
				CLANG_WARN_RANGE_LOOP_ANALYSIS = YES;
				CLANG_WARN_STRICT_PROTOTYPES = YES;
				CLANG_WARN_SUSPICIOUS_MOVE = YES;
				CLANG_WARN_UNGUARDED_AVAILABILITY = YES_AGGRESSIVE;
				CLANG_WARN_UNREACHABLE_CODE = YES;
				CLANG_WARN__DUPLICATE_METHOD_MATCH = YES;
				COPY_PHASE_STRIP = NO;
				DEBUG_INFORMATION_FORMAT = dwarf;
				ENABLE_STRICT_OBJC_MSGSEND = YES;
				ENABLE_TESTABILITY = YES;
				GCC_C_LANGUAGE_STANDARD = gnu11;
				GCC_DYNAMIC_NO_PIC = NO;
				GCC_NO_COMMON_BLOCKS = YES;
				GCC_OPTIMIZATION_LEVEL = 0;
				GCC_PREPROCESSOR_DEFINITIONS = (
					"DEBUG=1",
					"$(inherited)",
				);
				GCC_WARN_64_TO_32_BIT_CONVERSION = YES;
				GCC_WARN_ABOUT_RETURN_TYPE = YES_ERROR;
				GCC_WARN_UNDECLARED_SELECTOR = YES;
				GCC_WARN_UNINITIALIZED_AUTOS = YES_AGGRESSIVE;
				GCC_WARN_UNUSED_FUNCTION = YES;
				GCC_WARN_UNUSED_VARIABLE = YES;
				IPHONEOS_DEPLOYMENT_TARGET = 13.0;
				MTL_ENABLE_DEBUG_INFO = INCLUDE_SOURCE;
				MTL_FAST_MATH = YES;
				ONLY_ACTIVE_ARCH = YES;
				SDKROOT = iphoneos;
				SWIFT_ACTIVE_COMPILATION_CONDITIONS = DEBUG;
				SWIFT_OPTIMIZATION_LEVEL = "-Onone";
			};
			name = Debug;
		};
		F49FD10E25AF97BE00CB8DE2 /* Release */ = {
			isa = XCBuildConfiguration;
			buildSettings = {
				ALWAYS_SEARCH_USER_PATHS = NO;
				CLANG_ANALYZER_NONNULL = YES;
				CLANG_ANALYZER_NUMBER_OBJECT_CONVERSION = YES_AGGRESSIVE;
				CLANG_CXX_LANGUAGE_STANDARD = "gnu++14";
				CLANG_CXX_LIBRARY = "libc++";
				CLANG_ENABLE_MODULES = YES;
				CLANG_ENABLE_OBJC_ARC = YES;
				CLANG_ENABLE_OBJC_WEAK = YES;
				CLANG_WARN_BLOCK_CAPTURE_AUTORELEASING = YES;
				CLANG_WARN_BOOL_CONVERSION = YES;
				CLANG_WARN_COMMA = YES;
				CLANG_WARN_CONSTANT_CONVERSION = YES;
				CLANG_WARN_DEPRECATED_OBJC_IMPLEMENTATIONS = YES;
				CLANG_WARN_DIRECT_OBJC_ISA_USAGE = YES_ERROR;
				CLANG_WARN_DOCUMENTATION_COMMENTS = YES;
				CLANG_WARN_EMPTY_BODY = YES;
				CLANG_WARN_ENUM_CONVERSION = YES;
				CLANG_WARN_INFINITE_RECURSION = YES;
				CLANG_WARN_INT_CONVERSION = YES;
				CLANG_WARN_NON_LITERAL_NULL_CONVERSION = YES;
				CLANG_WARN_OBJC_IMPLICIT_RETAIN_SELF = YES;
				CLANG_WARN_OBJC_LITERAL_CONVERSION = YES;
				CLANG_WARN_OBJC_ROOT_CLASS = YES_ERROR;
				CLANG_WARN_RANGE_LOOP_ANALYSIS = YES;
				CLANG_WARN_STRICT_PROTOTYPES = YES;
				CLANG_WARN_SUSPICIOUS_MOVE = YES;
				CLANG_WARN_UNGUARDED_AVAILABILITY = YES_AGGRESSIVE;
				CLANG_WARN_UNREACHABLE_CODE = YES;
				CLANG_WARN__DUPLICATE_METHOD_MATCH = YES;
				COPY_PHASE_STRIP = NO;
				DEBUG_INFORMATION_FORMAT = "dwarf-with-dsym";
				ENABLE_NS_ASSERTIONS = NO;
				ENABLE_STRICT_OBJC_MSGSEND = YES;
				GCC_C_LANGUAGE_STANDARD = gnu11;
				GCC_NO_COMMON_BLOCKS = YES;
				GCC_WARN_64_TO_32_BIT_CONVERSION = YES;
				GCC_WARN_ABOUT_RETURN_TYPE = YES_ERROR;
				GCC_WARN_UNDECLARED_SELECTOR = YES;
				GCC_WARN_UNINITIALIZED_AUTOS = YES_AGGRESSIVE;
				GCC_WARN_UNUSED_FUNCTION = YES;
				GCC_WARN_UNUSED_VARIABLE = YES;
				IPHONEOS_DEPLOYMENT_TARGET = 13.0;
				MTL_ENABLE_DEBUG_INFO = NO;
				MTL_FAST_MATH = YES;
				SDKROOT = iphoneos;
				SWIFT_COMPILATION_MODE = wholemodule;
				SWIFT_OPTIMIZATION_LEVEL = "-O";
				VALIDATE_PRODUCT = YES;
			};
			name = Release;
		};
		F49FD11025AF97BE00CB8DE2 /* Debug */ = {
			isa = XCBuildConfiguration;
			buildSettings = {
				ASSETCATALOG_COMPILER_APPICON_NAME = AppIcon;
				CODE_SIGN_STYLE = Automatic;
				INFOPLIST_FILE = Crokitta/Info.plist;
				LD_RUNPATH_SEARCH_PATHS = (
					"$(inherited)",
					"@executable_path/Frameworks",
				);
				PRODUCT_BUNDLE_IDENTIFIER = deepo.com.Crokitta;
				PRODUCT_NAME = "$(TARGET_NAME)";
				SWIFT_VERSION = 5.0;
				TARGETED_DEVICE_FAMILY = "1,2";
			};
			name = Debug;
		};
		F49FD11125AF97BE00CB8DE2 /* Release */ = {
			isa = XCBuildConfiguration;
			buildSettings = {
				ASSETCATALOG_COMPILER_APPICON_NAME = AppIcon;
				CODE_SIGN_STYLE = Automatic;
				INFOPLIST_FILE = Crokitta/Info.plist;
				LD_RUNPATH_SEARCH_PATHS = (
					"$(inherited)",
					"@executable_path/Frameworks",
				);
				PRODUCT_BUNDLE_IDENTIFIER = deepo.com.Crokitta;
				PRODUCT_NAME = "$(TARGET_NAME)";
				SWIFT_VERSION = 5.0;
				TARGETED_DEVICE_FAMILY = "1,2";
			};
			name = Release;
		};
/* End XCBuildConfiguration section */

/* Begin XCConfigurationList section */
		F49FD0F625AF97AA00CB8DE2 /* Build configuration list for PBXProject "Crokitta" */ = {
			isa = XCConfigurationList;
			buildConfigurations = (
				F49FD10D25AF97BE00CB8DE2 /* Debug */,
				F49FD10E25AF97BE00CB8DE2 /* Release */,
			);
			defaultConfigurationIsVisible = 0;
			defaultConfigurationName = Release;
		};
		F49FD10F25AF97BE00CB8DE2 /* Build configuration list for PBXNativeTarget "Crokitta" */ = {
			isa = XCConfigurationList;
			buildConfigurations = (
				F49FD11025AF97BE00CB8DE2 /* Debug */,
				F49FD11125AF97BE00CB8DE2 /* Release */,
			);
			defaultConfigurationIsVisible = 0;
			defaultConfigurationName = Release;
		};
/* End XCConfigurationList section */
	};
	rootObject = F49FD0F325AF97AA00CB8DE2 /* Project object */;
}
